<Solution>
  <Folder Name="/src/" />
  <Folder Name="/src/backend/">
    <Project Path="src/backend/EnableFront.Builder.Api.csproj" />
  </Folder>
  <Folder Name="/tests/" />
  <Folder Name="/tests/backend/">
    <Project Path="tests/backend/EnableFront.Builder.Api.Tests/EnableFront.Builder.Api.Tests.csproj" />
  </Folder>
</Solution>
